
Microsoft Visual Studio Solution File, Format Version 12.00
# Visual Studio 15
VisualStudioVersion = 15.0.27130.2036
MinimumVisualStudioVersion = 10.0.40219.1
Project("{9A19103F-16F7-4668-BE54-9A1E7A4F7556}") = "VCSoftware.Web", "VCSoftware.Web\VCSoftware.Web.csproj", "{8D51A70C-5E1B-4936-AE3C-548AC0FF93C7}"
EndProject
Project("{2150E333-8FDC-42A3-9474-1A3956D46DE8}") = "Util", "Util", "{3EDBC46C-BE89-40A2-AF20-A72FA2530EB9}"
EndProject
Project("{FAE04EC0-301F-11D3-BF4B-00C04F79EFBC}") = "VCSoftware.Util", "Core\VCSoftware.Util\VCSoftware.Util.csproj", "{F70703AE-A647-4070-BB74-41FAEFCAE9F4}"
EndProject
Global
	GlobalSection(SolutionConfigurationPlatforms) = preSolution
		Debug|Any CPU = Debug|Any CPU
		Release|Any CPU = Release|Any CPU
	EndGlobalSection
	GlobalSection(ProjectConfigurationPlatforms) = postSolution
		{8D51A70C-5E1B-4936-AE3C-548AC0FF93C7}.Debug|Any CPU.ActiveCfg = Debug|Any CPU
		{8D51A70C-5E1B-4936-AE3C-548AC0FF93C7}.Debug|Any CPU.Build.0 = Debug|Any CPU
		{8D51A70C-5E1B-4936-AE3C-548AC0FF93C7}.Release|Any CPU.ActiveCfg = Release|Any CPU
		{8D51A70C-5E1B-4936-AE3C-548AC0FF93C7}.Release|Any CPU.Build.0 = Release|Any CPU
		{F70703AE-A647-4070-BB74-41FAEFCAE9F4}.Debug|Any CPU.ActiveCfg = Debug|Any CPU
		{F70703AE-A647-4070-BB74-41FAEFCAE9F4}.Debug|Any CPU.Build.0 = Debug|Any CPU
		{F70703AE-A647-4070-BB74-41FAEFCAE9F4}.Release|Any CPU.ActiveCfg = Release|Any CPU
		{F70703AE-A647-4070-BB74-41FAEFCAE9F4}.Release|Any CPU.Build.0 = Release|Any CPU
	EndGlobalSection
	GlobalSection(SolutionProperties) = preSolution
		HideSolutionNode = FALSE
	EndGlobalSection
	GlobalSection(NestedProjects) = preSolution
		{F70703AE-A647-4070-BB74-41FAEFCAE9F4} = {3EDBC46C-BE89-40A2-AF20-A72FA2530EB9}
	EndGlobalSection
	GlobalSection(ExtensibilityGlobals) = postSolution
		SolutionGuid = {D1DD003A-E2F9-42ED-8A23-A3B5EFF3D87D}
	EndGlobalSection
EndGlobal
